
Microsoft Visual Studio Solution File, Format Version 12.00
# Visual Studio Version 17
VisualStudioVersion = 17.3.32901.215
MinimumVisualStudioVersion = 10.0.40219.1
Project("{2150E333-8FDC-42A3-9474-1A3956D46DE8}") = "CqrsAndMediatR", "CqrsAndMediatR", "{DB815705-A2EE-4C37-B398-2BF776F47C60}"
EndProject
Project("{2150E333-8FDC-42A3-9474-1A3956D46DE8}") = "Linq", "Linq", "{3422A7DD-1B45-4CD6-A6A8-DF1B4E4F805F}"
EndProject
Project("{9A19103F-16F7-4668-BE54-9A1E7A4F7556}") = "Linq.App", "Linq\Linq.App\Linq.App.csproj", "{CD019CCC-6CFD-4B2A-8544-19491BE6C143}"
EndProject
Project("{9A19103F-16F7-4668-BE54-9A1E7A4F7556}") = "CqrsAndMediatR.Infrastructure", "CqrsAndMediatR\CqrsAndMediatR.Infrastructure\CqrsAndMediatR.Infrastructure.csproj", "{002D9E8E-2329-42E0-B320-AA9BE95DA5F3}"
EndProject
Project("{9A19103F-16F7-4668-BE54-9A1E7A4F7556}") = "CqrsAndMediatR.Application", "CqrsAndMediatR\CqrsAndMediatR.Application\CqrsAndMediatR.Application.csproj", "{1DDB7D22-0D3A-4EC0-B68B-D046D7E504F7}"
EndProject
Project("{9A19103F-16F7-4668-BE54-9A1E7A4F7556}") = "CqrsAndMediatR.Domain", "CqrsAndMediatR\CqrsAndMediatR.Domain\CqrsAndMediatR.Domain.csproj", "{DD84632A-A66F-4428-8258-1065005BD09D}"
EndProject
Project("{2150E333-8FDC-42A3-9474-1A3956D46DE8}") = "DesignPatterns", "DesignPatterns", "{6CCD90A1-4EB8-4588-940B-9B9A743E3113}"
EndProject
Project("{9A19103F-16F7-4668-BE54-9A1E7A4F7556}") = "CqrsAndMediatR.Api", "CqrsAndMediatR\CqrsAndMediatR.Api\CqrsAndMediatR.Api.csproj", "{BDE7EB5B-8199-4E90-8D01-EAAF47EE858E}"
EndProject
Project("{9A19103F-16F7-4668-BE54-9A1E7A4F7556}") = "Singleton", "DesignPatterns\Singleton\Singleton.csproj", "{5C2CA03F-82EA-4670-A5C9-CAD4CC8AA54E}"
EndProject
Project("{2150E333-8FDC-42A3-9474-1A3956D46DE8}") = "Solution Items", "Solution Items", "{D475E5C8-EBE9-4D2E-8E06-B18E48A4307B}"
	ProjectSection(SolutionItems) = preProject
		README.md = README.md
	EndProjectSection
EndProject
Project("{2150E333-8FDC-42A3-9474-1A3956D46DE8}") = "HexagonalArchitectureTemplate", "HexagonalArchitectureTemplate", "{2C479DCD-4CE8-415C-A83D-D8A44F722805}"
	ProjectSection(SolutionItems) = preProject
		HexagonalArchitectureTemplate\Hexagonal_architecture_diagram.png = HexagonalArchitectureTemplate\Hexagonal_architecture_diagram.png
		HexagonalArchitectureTemplate\README.md = HexagonalArchitectureTemplate\README.md
	EndProjectSection
EndProject
Project("{2150E333-8FDC-42A3-9474-1A3956D46DE8}") = "src", "src", "{AF16122F-A6E6-4B05-86EC-309CB60917B4}"
EndProject
Project("{2150E333-8FDC-42A3-9474-1A3956D46DE8}") = "test", "test", "{2447C06D-5446-46FB-939A-6746DF2BD63F}"
EndProject
Project("{9A19103F-16F7-4668-BE54-9A1E7A4F7556}") = "Core.Tests", "HexagonalArchitectureTemplate\test\Core.Tests\Core.Tests.csproj", "{3C7DB0E3-B980-45DA-ACA4-DDCC42FB6C4D}"
EndProject
Project("{9A19103F-16F7-4668-BE54-9A1E7A4F7556}") = "Adapter.Api", "HexagonalArchitectureTemplate\src\Adapter.Api\Adapter.Api.csproj", "{F57A1EA3-6458-453A-85D4-A8D38D96C075}"
EndProject
Project("{9A19103F-16F7-4668-BE54-9A1E7A4F7556}") = "Adapter.Api.Tests", "HexagonalArchitectureTemplate\test\Adapter.Api.Tests\Adapter.Api.Tests.csproj", "{4FD3DA71-91EC-4C74-A578-8A1829D401BB}"
EndProject
Project("{9A19103F-16F7-4668-BE54-9A1E7A4F7556}") = "Adapter.PostgreSQL", "HexagonalArchitectureTemplate\src\Adapter.PostgreSQL\Adapter.PostgreSQL.csproj", "{B3AB0B7B-4CF4-47FA-9FDF-681C4FA91964}"
EndProject
Project("{9A19103F-16F7-4668-BE54-9A1E7A4F7556}") = "Adapter.Kafka", "HexagonalArchitectureTemplate\src\Adapter.Kafka\Adapter.Kafka.csproj", "{5361C4FA-3B2A-4982-9A80-2CC7F7151570}"
EndProject
Project("{9A19103F-16F7-4668-BE54-9A1E7A4F7556}") = "Adapter.PostgreSQL.Tests", "HexagonalArchitectureTemplate\test\Adapter.PostgreSQL.Tests\Adapter.PostgreSQL.Tests.csproj", "{1B45B09E-AE04-485E-A996-CE18E56BACA8}"
EndProject
Project("{9A19103F-16F7-4668-BE54-9A1E7A4F7556}") = "Adapter.Kafka.Tests", "HexagonalArchitectureTemplate\test\Adapter.Kafka.Tests\Adapter.Kafka.Tests.csproj", "{6F030E46-4801-40B6-8901-FF6C021E9555}"
EndProject
Project("{9A19103F-16F7-4668-BE54-9A1E7A4F7556}") = "Application.Api", "HexagonalArchitectureTemplate\src\Application.Api\Application.Api.csproj", "{7B46E784-5656-4F50-A27D-1895F8132617}"
EndProject
Project("{9A19103F-16F7-4668-BE54-9A1E7A4F7556}") = "Core", "HexagonalArchitectureTemplate\src\Core\Core.csproj", "{6B9DC020-5E8A-4E60-8C0A-046D1DB27EE9}"
EndProject
Global
	GlobalSection(SolutionConfigurationPlatforms) = preSolution
		Debug|Any CPU = Debug|Any CPU
		Debug|x64 = Debug|x64
		Debug|x86 = Debug|x86
		Release|Any CPU = Release|Any CPU
		Release|x64 = Release|x64
		Release|x86 = Release|x86
	EndGlobalSection
	GlobalSection(ProjectConfigurationPlatforms) = postSolution
		{CD019CCC-6CFD-4B2A-8544-19491BE6C143}.Debug|Any CPU.ActiveCfg = Debug|Any CPU
		{CD019CCC-6CFD-4B2A-8544-19491BE6C143}.Debug|Any CPU.Build.0 = Debug|Any CPU
		{CD019CCC-6CFD-4B2A-8544-19491BE6C143}.Debug|x64.ActiveCfg = Debug|Any CPU
		{CD019CCC-6CFD-4B2A-8544-19491BE6C143}.Debug|x64.Build.0 = Debug|Any CPU
		{CD019CCC-6CFD-4B2A-8544-19491BE6C143}.Debug|x86.ActiveCfg = Debug|Any CPU
		{CD019CCC-6CFD-4B2A-8544-19491BE6C143}.Debug|x86.Build.0 = Debug|Any CPU
		{CD019CCC-6CFD-4B2A-8544-19491BE6C143}.Release|Any CPU.ActiveCfg = Release|Any CPU
		{CD019CCC-6CFD-4B2A-8544-19491BE6C143}.Release|Any CPU.Build.0 = Release|Any CPU
		{CD019CCC-6CFD-4B2A-8544-19491BE6C143}.Release|x64.ActiveCfg = Release|Any CPU
		{CD019CCC-6CFD-4B2A-8544-19491BE6C143}.Release|x64.Build.0 = Release|Any CPU
		{CD019CCC-6CFD-4B2A-8544-19491BE6C143}.Release|x86.ActiveCfg = Release|Any CPU
		{CD019CCC-6CFD-4B2A-8544-19491BE6C143}.Release|x86.Build.0 = Release|Any CPU
		{002D9E8E-2329-42E0-B320-AA9BE95DA5F3}.Debug|Any CPU.ActiveCfg = Debug|Any CPU
		{002D9E8E-2329-42E0-B320-AA9BE95DA5F3}.Debug|Any CPU.Build.0 = Debug|Any CPU
		{002D9E8E-2329-42E0-B320-AA9BE95DA5F3}.Debug|x64.ActiveCfg = Debug|Any CPU
		{002D9E8E-2329-42E0-B320-AA9BE95DA5F3}.Debug|x64.Build.0 = Debug|Any CPU
		{002D9E8E-2329-42E0-B320-AA9BE95DA5F3}.Debug|x86.ActiveCfg = Debug|Any CPU
		{002D9E8E-2329-42E0-B320-AA9BE95DA5F3}.Debug|x86.Build.0 = Debug|Any CPU
		{002D9E8E-2329-42E0-B320-AA9BE95DA5F3}.Release|Any CPU.ActiveCfg = Release|Any CPU
		{002D9E8E-2329-42E0-B320-AA9BE95DA5F3}.Release|Any CPU.Build.0 = Release|Any CPU
		{002D9E8E-2329-42E0-B320-AA9BE95DA5F3}.Release|x64.ActiveCfg = Release|Any CPU
		{002D9E8E-2329-42E0-B320-AA9BE95DA5F3}.Release|x64.Build.0 = Release|Any CPU
		{002D9E8E-2329-42E0-B320-AA9BE95DA5F3}.Release|x86.ActiveCfg = Release|Any CPU
		{002D9E8E-2329-42E0-B320-AA9BE95DA5F3}.Release|x86.Build.0 = Release|Any CPU
		{1DDB7D22-0D3A-4EC0-B68B-D046D7E504F7}.Debug|Any CPU.ActiveCfg = Debug|Any CPU
		{1DDB7D22-0D3A-4EC0-B68B-D046D7E504F7}.Debug|Any CPU.Build.0 = Debug|Any CPU
		{1DDB7D22-0D3A-4EC0-B68B-D046D7E504F7}.Debug|x64.ActiveCfg = Debug|Any CPU
		{1DDB7D22-0D3A-4EC0-B68B-D046D7E504F7}.Debug|x64.Build.0 = Debug|Any CPU
		{1DDB7D22-0D3A-4EC0-B68B-D046D7E504F7}.Debug|x86.ActiveCfg = Debug|Any CPU
		{1DDB7D22-0D3A-4EC0-B68B-D046D7E504F7}.Debug|x86.Build.0 = Debug|Any CPU
		{1DDB7D22-0D3A-4EC0-B68B-D046D7E504F7}.Release|Any CPU.ActiveCfg = Release|Any CPU
		{1DDB7D22-0D3A-4EC0-B68B-D046D7E504F7}.Release|Any CPU.Build.0 = Release|Any CPU
		{1DDB7D22-0D3A-4EC0-B68B-D046D7E504F7}.Release|x64.ActiveCfg = Release|Any CPU
		{1DDB7D22-0D3A-4EC0-B68B-D046D7E504F7}.Release|x64.Build.0 = Release|Any CPU
		{1DDB7D22-0D3A-4EC0-B68B-D046D7E504F7}.Release|x86.ActiveCfg = Release|Any CPU
		{1DDB7D22-0D3A-4EC0-B68B-D046D7E504F7}.Release|x86.Build.0 = Release|Any CPU
		{DD84632A-A66F-4428-8258-1065005BD09D}.Debug|Any CPU.ActiveCfg = Debug|Any CPU
		{DD84632A-A66F-4428-8258-1065005BD09D}.Debug|Any CPU.Build.0 = Debug|Any CPU
		{DD84632A-A66F-4428-8258-1065005BD09D}.Debug|x64.ActiveCfg = Debug|Any CPU
		{DD84632A-A66F-4428-8258-1065005BD09D}.Debug|x64.Build.0 = Debug|Any CPU
		{DD84632A-A66F-4428-8258-1065005BD09D}.Debug|x86.ActiveCfg = Debug|Any CPU
		{DD84632A-A66F-4428-8258-1065005BD09D}.Debug|x86.Build.0 = Debug|Any CPU
		{DD84632A-A66F-4428-8258-1065005BD09D}.Release|Any CPU.ActiveCfg = Release|Any CPU
		{DD84632A-A66F-4428-8258-1065005BD09D}.Release|Any CPU.Build.0 = Release|Any CPU
		{DD84632A-A66F-4428-8258-1065005BD09D}.Release|x64.ActiveCfg = Release|Any CPU
		{DD84632A-A66F-4428-8258-1065005BD09D}.Release|x64.Build.0 = Release|Any CPU
		{DD84632A-A66F-4428-8258-1065005BD09D}.Release|x86.ActiveCfg = Release|Any CPU
		{DD84632A-A66F-4428-8258-1065005BD09D}.Release|x86.Build.0 = Release|Any CPU
		{BDE7EB5B-8199-4E90-8D01-EAAF47EE858E}.Debug|Any CPU.ActiveCfg = Debug|Any CPU
		{BDE7EB5B-8199-4E90-8D01-EAAF47EE858E}.Debug|Any CPU.Build.0 = Debug|Any CPU
		{BDE7EB5B-8199-4E90-8D01-EAAF47EE858E}.Debug|x64.ActiveCfg = Debug|Any CPU
		{BDE7EB5B-8199-4E90-8D01-EAAF47EE858E}.Debug|x64.Build.0 = Debug|Any CPU
		{BDE7EB5B-8199-4E90-8D01-EAAF47EE858E}.Debug|x86.ActiveCfg = Debug|Any CPU
		{BDE7EB5B-8199-4E90-8D01-EAAF47EE858E}.Debug|x86.Build.0 = Debug|Any CPU
		{BDE7EB5B-8199-4E90-8D01-EAAF47EE858E}.Release|Any CPU.ActiveCfg = Release|Any CPU
		{BDE7EB5B-8199-4E90-8D01-EAAF47EE858E}.Release|Any CPU.Build.0 = Release|Any CPU
		{BDE7EB5B-8199-4E90-8D01-EAAF47EE858E}.Release|x64.ActiveCfg = Release|Any CPU
		{BDE7EB5B-8199-4E90-8D01-EAAF47EE858E}.Release|x64.Build.0 = Release|Any CPU
		{BDE7EB5B-8199-4E90-8D01-EAAF47EE858E}.Release|x86.ActiveCfg = Release|Any CPU
		{BDE7EB5B-8199-4E90-8D01-EAAF47EE858E}.Release|x86.Build.0 = Release|Any CPU
		{5C2CA03F-82EA-4670-A5C9-CAD4CC8AA54E}.Debug|Any CPU.ActiveCfg = Debug|Any CPU
		{5C2CA03F-82EA-4670-A5C9-CAD4CC8AA54E}.Debug|Any CPU.Build.0 = Debug|Any CPU
		{5C2CA03F-82EA-4670-A5C9-CAD4CC8AA54E}.Debug|x64.ActiveCfg = Debug|Any CPU
		{5C2CA03F-82EA-4670-A5C9-CAD4CC8AA54E}.Debug|x64.Build.0 = Debug|Any CPU
		{5C2CA03F-82EA-4670-A5C9-CAD4CC8AA54E}.Debug|x86.ActiveCfg = Debug|Any CPU
		{5C2CA03F-82EA-4670-A5C9-CAD4CC8AA54E}.Debug|x86.Build.0 = Debug|Any CPU
		{5C2CA03F-82EA-4670-A5C9-CAD4CC8AA54E}.Release|Any CPU.ActiveCfg = Release|Any CPU
		{5C2CA03F-82EA-4670-A5C9-CAD4CC8AA54E}.Release|Any CPU.Build.0 = Release|Any CPU
		{5C2CA03F-82EA-4670-A5C9-CAD4CC8AA54E}.Release|x64.ActiveCfg = Release|Any CPU
		{5C2CA03F-82EA-4670-A5C9-CAD4CC8AA54E}.Release|x64.Build.0 = Release|Any CPU
		{5C2CA03F-82EA-4670-A5C9-CAD4CC8AA54E}.Release|x86.ActiveCfg = Release|Any CPU
		{5C2CA03F-82EA-4670-A5C9-CAD4CC8AA54E}.Release|x86.Build.0 = Release|Any CPU
		{3C7DB0E3-B980-45DA-ACA4-DDCC42FB6C4D}.Debug|Any CPU.ActiveCfg = Debug|Any CPU
		{3C7DB0E3-B980-45DA-ACA4-DDCC42FB6C4D}.Debug|Any CPU.Build.0 = Debug|Any CPU
		{3C7DB0E3-B980-45DA-ACA4-DDCC42FB6C4D}.Debug|x64.ActiveCfg = Debug|Any CPU
		{3C7DB0E3-B980-45DA-ACA4-DDCC42FB6C4D}.Debug|x64.Build.0 = Debug|Any CPU
		{3C7DB0E3-B980-45DA-ACA4-DDCC42FB6C4D}.Debug|x86.ActiveCfg = Debug|Any CPU
		{3C7DB0E3-B980-45DA-ACA4-DDCC42FB6C4D}.Debug|x86.Build.0 = Debug|Any CPU
		{3C7DB0E3-B980-45DA-ACA4-DDCC42FB6C4D}.Release|Any CPU.ActiveCfg = Release|Any CPU
		{3C7DB0E3-B980-45DA-ACA4-DDCC42FB6C4D}.Release|Any CPU.Build.0 = Release|Any CPU
		{3C7DB0E3-B980-45DA-ACA4-DDCC42FB6C4D}.Release|x64.ActiveCfg = Release|Any CPU
		{3C7DB0E3-B980-45DA-ACA4-DDCC42FB6C4D}.Release|x64.Build.0 = Release|Any CPU
		{3C7DB0E3-B980-45DA-ACA4-DDCC42FB6C4D}.Release|x86.ActiveCfg = Release|Any CPU
		{3C7DB0E3-B980-45DA-ACA4-DDCC42FB6C4D}.Release|x86.Build.0 = Release|Any CPU
		{F57A1EA3-6458-453A-85D4-A8D38D96C075}.Debug|Any CPU.ActiveCfg = Debug|Any CPU
		{F57A1EA3-6458-453A-85D4-A8D38D96C075}.Debug|Any CPU.Build.0 = Debug|Any CPU
		{F57A1EA3-6458-453A-85D4-A8D38D96C075}.Debug|x64.ActiveCfg = Debug|Any CPU
		{F57A1EA3-6458-453A-85D4-A8D38D96C075}.Debug|x64.Build.0 = Debug|Any CPU
		{F57A1EA3-6458-453A-85D4-A8D38D96C075}.Debug|x86.ActiveCfg = Debug|Any CPU
		{F57A1EA3-6458-453A-85D4-A8D38D96C075}.Debug|x86.Build.0 = Debug|Any CPU
		{F57A1EA3-6458-453A-85D4-A8D38D96C075}.Release|Any CPU.ActiveCfg = Release|Any CPU
		{F57A1EA3-6458-453A-85D4-A8D38D96C075}.Release|Any CPU.Build.0 = Release|Any CPU
		{F57A1EA3-6458-453A-85D4-A8D38D96C075}.Release|x64.ActiveCfg = Release|Any CPU
		{F57A1EA3-6458-453A-85D4-A8D38D96C075}.Release|x64.Build.0 = Release|Any CPU
		{F57A1EA3-6458-453A-85D4-A8D38D96C075}.Release|x86.ActiveCfg = Release|Any CPU
		{F57A1EA3-6458-453A-85D4-A8D38D96C075}.Release|x86.Build.0 = Release|Any CPU
		{4FD3DA71-91EC-4C74-A578-8A1829D401BB}.Debug|Any CPU.ActiveCfg = Debug|Any CPU
		{4FD3DA71-91EC-4C74-A578-8A1829D401BB}.Debug|Any CPU.Build.0 = Debug|Any CPU
		{4FD3DA71-91EC-4C74-A578-8A1829D401BB}.Debug|x64.ActiveCfg = Debug|Any CPU
		{4FD3DA71-91EC-4C74-A578-8A1829D401BB}.Debug|x64.Build.0 = Debug|Any CPU
		{4FD3DA71-91EC-4C74-A578-8A1829D401BB}.Debug|x86.ActiveCfg = Debug|Any CPU
		{4FD3DA71-91EC-4C74-A578-8A1829D401BB}.Debug|x86.Build.0 = Debug|Any CPU
		{4FD3DA71-91EC-4C74-A578-8A1829D401BB}.Release|Any CPU.ActiveCfg = Release|Any CPU
		{4FD3DA71-91EC-4C74-A578-8A1829D401BB}.Release|Any CPU.Build.0 = Release|Any CPU
		{4FD3DA71-91EC-4C74-A578-8A1829D401BB}.Release|x64.ActiveCfg = Release|Any CPU
		{4FD3DA71-91EC-4C74-A578-8A1829D401BB}.Release|x64.Build.0 = Release|Any CPU
		{4FD3DA71-91EC-4C74-A578-8A1829D401BB}.Release|x86.ActiveCfg = Release|Any CPU
		{4FD3DA71-91EC-4C74-A578-8A1829D401BB}.Release|x86.Build.0 = Release|Any CPU
		{B3AB0B7B-4CF4-47FA-9FDF-681C4FA91964}.Debug|Any CPU.ActiveCfg = Debug|Any CPU
		{B3AB0B7B-4CF4-47FA-9FDF-681C4FA91964}.Debug|Any CPU.Build.0 = Debug|Any CPU
		{B3AB0B7B-4CF4-47FA-9FDF-681C4FA91964}.Debug|x64.ActiveCfg = Debug|Any CPU
		{B3AB0B7B-4CF4-47FA-9FDF-681C4FA91964}.Debug|x64.Build.0 = Debug|Any CPU
		{B3AB0B7B-4CF4-47FA-9FDF-681C4FA91964}.Debug|x86.ActiveCfg = Debug|Any CPU
		{B3AB0B7B-4CF4-47FA-9FDF-681C4FA91964}.Debug|x86.Build.0 = Debug|Any CPU
		{B3AB0B7B-4CF4-47FA-9FDF-681C4FA91964}.Release|Any CPU.ActiveCfg = Release|Any CPU
		{B3AB0B7B-4CF4-47FA-9FDF-681C4FA91964}.Release|Any CPU.Build.0 = Release|Any CPU
		{B3AB0B7B-4CF4-47FA-9FDF-681C4FA91964}.Release|x64.ActiveCfg = Release|Any CPU
		{B3AB0B7B-4CF4-47FA-9FDF-681C4FA91964}.Release|x64.Build.0 = Release|Any CPU
		{B3AB0B7B-4CF4-47FA-9FDF-681C4FA91964}.Release|x86.ActiveCfg = Release|Any CPU
		{B3AB0B7B-4CF4-47FA-9FDF-681C4FA91964}.Release|x86.Build.0 = Release|Any CPU
		{5361C4FA-3B2A-4982-9A80-2CC7F7151570}.Debug|Any CPU.ActiveCfg = Debug|Any CPU
		{5361C4FA-3B2A-4982-9A80-2CC7F7151570}.Debug|Any CPU.Build.0 = Debug|Any CPU
		{5361C4FA-3B2A-4982-9A80-2CC7F7151570}.Debug|x64.ActiveCfg = Debug|Any CPU
		{5361C4FA-3B2A-4982-9A80-2CC7F7151570}.Debug|x64.Build.0 = Debug|Any CPU
		{5361C4FA-3B2A-4982-9A80-2CC7F7151570}.Debug|x86.ActiveCfg = Debug|Any CPU
		{5361C4FA-3B2A-4982-9A80-2CC7F7151570}.Debug|x86.Build.0 = Debug|Any CPU
		{5361C4FA-3B2A-4982-9A80-2CC7F7151570}.Release|Any CPU.ActiveCfg = Release|Any CPU
		{5361C4FA-3B2A-4982-9A80-2CC7F7151570}.Release|Any CPU.Build.0 = Release|Any CPU
		{5361C4FA-3B2A-4982-9A80-2CC7F7151570}.Release|x64.ActiveCfg = Release|Any CPU
		{5361C4FA-3B2A-4982-9A80-2CC7F7151570}.Release|x64.Build.0 = Release|Any CPU
		{5361C4FA-3B2A-4982-9A80-2CC7F7151570}.Release|x86.ActiveCfg = Release|Any CPU
		{5361C4FA-3B2A-4982-9A80-2CC7F7151570}.Release|x86.Build.0 = Release|Any CPU
		{1B45B09E-AE04-485E-A996-CE18E56BACA8}.Debug|Any CPU.ActiveCfg = Debug|Any CPU
		{1B45B09E-AE04-485E-A996-CE18E56BACA8}.Debug|Any CPU.Build.0 = Debug|Any CPU
		{1B45B09E-AE04-485E-A996-CE18E56BACA8}.Debug|x64.ActiveCfg = Debug|Any CPU
		{1B45B09E-AE04-485E-A996-CE18E56BACA8}.Debug|x64.Build.0 = Debug|Any CPU
		{1B45B09E-AE04-485E-A996-CE18E56BACA8}.Debug|x86.ActiveCfg = Debug|Any CPU
		{1B45B09E-AE04-485E-A996-CE18E56BACA8}.Debug|x86.Build.0 = Debug|Any CPU
		{1B45B09E-AE04-485E-A996-CE18E56BACA8}.Release|Any CPU.ActiveCfg = Release|Any CPU
		{1B45B09E-AE04-485E-A996-CE18E56BACA8}.Release|Any CPU.Build.0 = Release|Any CPU
		{1B45B09E-AE04-485E-A996-CE18E56BACA8}.Release|x64.ActiveCfg = Release|Any CPU
		{1B45B09E-AE04-485E-A996-CE18E56BACA8}.Release|x64.Build.0 = Release|Any CPU
		{1B45B09E-AE04-485E-A996-CE18E56BACA8}.Release|x86.ActiveCfg = Release|Any CPU
		{1B45B09E-AE04-485E-A996-CE18E56BACA8}.Release|x86.Build.0 = Release|Any CPU
		{6F030E46-4801-40B6-8901-FF6C021E9555}.Debug|Any CPU.ActiveCfg = Debug|Any CPU
		{6F030E46-4801-40B6-8901-FF6C021E9555}.Debug|Any CPU.Build.0 = Debug|Any CPU
		{6F030E46-4801-40B6-8901-FF6C021E9555}.Debug|x64.ActiveCfg = Debug|Any CPU
		{6F030E46-4801-40B6-8901-FF6C021E9555}.Debug|x64.Build.0 = Debug|Any CPU
		{6F030E46-4801-40B6-8901-FF6C021E9555}.Debug|x86.ActiveCfg = Debug|Any CPU
		{6F030E46-4801-40B6-8901-FF6C021E9555}.Debug|x86.Build.0 = Debug|Any CPU
		{6F030E46-4801-40B6-8901-FF6C021E9555}.Release|Any CPU.ActiveCfg = Release|Any CPU
		{6F030E46-4801-40B6-8901-FF6C021E9555}.Release|Any CPU.Build.0 = Release|Any CPU
		{6F030E46-4801-40B6-8901-FF6C021E9555}.Release|x64.ActiveCfg = Release|Any CPU
		{6F030E46-4801-40B6-8901-FF6C021E9555}.Release|x64.Build.0 = Release|Any CPU
		{6F030E46-4801-40B6-8901-FF6C021E9555}.Release|x86.ActiveCfg = Release|Any CPU
		{6F030E46-4801-40B6-8901-FF6C021E9555}.Release|x86.Build.0 = Release|Any CPU
		{7B46E784-5656-4F50-A27D-1895F8132617}.Debug|Any CPU.ActiveCfg = Debug|Any CPU
		{7B46E784-5656-4F50-A27D-1895F8132617}.Debug|Any CPU.Build.0 = Debug|Any CPU
		{7B46E784-5656-4F50-A27D-1895F8132617}.Debug|x64.ActiveCfg = Debug|Any CPU
		{7B46E784-5656-4F50-A27D-1895F8132617}.Debug|x64.Build.0 = Debug|Any CPU
		{7B46E784-5656-4F50-A27D-1895F8132617}.Debug|x86.ActiveCfg = Debug|Any CPU
		{7B46E784-5656-4F50-A27D-1895F8132617}.Debug|x86.Build.0 = Debug|Any CPU
		{7B46E784-5656-4F50-A27D-1895F8132617}.Release|Any CPU.ActiveCfg = Release|Any CPU
		{7B46E784-5656-4F50-A27D-1895F8132617}.Release|Any CPU.Build.0 = Release|Any CPU
		{7B46E784-5656-4F50-A27D-1895F8132617}.Release|x64.ActiveCfg = Release|Any CPU
		{7B46E784-5656-4F50-A27D-1895F8132617}.Release|x64.Build.0 = Release|Any CPU
		{7B46E784-5656-4F50-A27D-1895F8132617}.Release|x86.ActiveCfg = Release|Any CPU
		{7B46E784-5656-4F50-A27D-1895F8132617}.Release|x86.Build.0 = Release|Any CPU
		{6B9DC020-5E8A-4E60-8C0A-046D1DB27EE9}.Debug|Any CPU.ActiveCfg = Debug|Any CPU
		{6B9DC020-5E8A-4E60-8C0A-046D1DB27EE9}.Debug|Any CPU.Build.0 = Debug|Any CPU
		{6B9DC020-5E8A-4E60-8C0A-046D1DB27EE9}.Debug|x64.ActiveCfg = Debug|Any CPU
		{6B9DC020-5E8A-4E60-8C0A-046D1DB27EE9}.Debug|x64.Build.0 = Debug|Any CPU
		{6B9DC020-5E8A-4E60-8C0A-046D1DB27EE9}.Debug|x86.ActiveCfg = Debug|Any CPU
		{6B9DC020-5E8A-4E60-8C0A-046D1DB27EE9}.Debug|x86.Build.0 = Debug|Any CPU
		{6B9DC020-5E8A-4E60-8C0A-046D1DB27EE9}.Release|Any CPU.ActiveCfg = Release|Any CPU
		{6B9DC020-5E8A-4E60-8C0A-046D1DB27EE9}.Release|Any CPU.Build.0 = Release|Any CPU
		{6B9DC020-5E8A-4E60-8C0A-046D1DB27EE9}.Release|x64.ActiveCfg = Release|Any CPU
		{6B9DC020-5E8A-4E60-8C0A-046D1DB27EE9}.Release|x64.Build.0 = Release|Any CPU
		{6B9DC020-5E8A-4E60-8C0A-046D1DB27EE9}.Release|x86.ActiveCfg = Release|Any CPU
		{6B9DC020-5E8A-4E60-8C0A-046D1DB27EE9}.Release|x86.Build.0 = Release|Any CPU
	EndGlobalSection
	GlobalSection(SolutionProperties) = preSolution
		HideSolutionNode = FALSE
	EndGlobalSection
	GlobalSection(NestedProjects) = preSolution
		{CD019CCC-6CFD-4B2A-8544-19491BE6C143} = {3422A7DD-1B45-4CD6-A6A8-DF1B4E4F805F}
		{002D9E8E-2329-42E0-B320-AA9BE95DA5F3} = {DB815705-A2EE-4C37-B398-2BF776F47C60}
		{1DDB7D22-0D3A-4EC0-B68B-D046D7E504F7} = {DB815705-A2EE-4C37-B398-2BF776F47C60}
		{DD84632A-A66F-4428-8258-1065005BD09D} = {DB815705-A2EE-4C37-B398-2BF776F47C60}
		{BDE7EB5B-8199-4E90-8D01-EAAF47EE858E} = {DB815705-A2EE-4C37-B398-2BF776F47C60}
		{5C2CA03F-82EA-4670-A5C9-CAD4CC8AA54E} = {6CCD90A1-4EB8-4588-940B-9B9A743E3113}
		{AF16122F-A6E6-4B05-86EC-309CB60917B4} = {2C479DCD-4CE8-415C-A83D-D8A44F722805}
		{2447C06D-5446-46FB-939A-6746DF2BD63F} = {2C479DCD-4CE8-415C-A83D-D8A44F722805}
		{3C7DB0E3-B980-45DA-ACA4-DDCC42FB6C4D} = {2447C06D-5446-46FB-939A-6746DF2BD63F}
		{F57A1EA3-6458-453A-85D4-A8D38D96C075} = {AF16122F-A6E6-4B05-86EC-309CB60917B4}
		{4FD3DA71-91EC-4C74-A578-8A1829D401BB} = {2447C06D-5446-46FB-939A-6746DF2BD63F}
		{B3AB0B7B-4CF4-47FA-9FDF-681C4FA91964} = {AF16122F-A6E6-4B05-86EC-309CB60917B4}
		{5361C4FA-3B2A-4982-9A80-2CC7F7151570} = {AF16122F-A6E6-4B05-86EC-309CB60917B4}
		{1B45B09E-AE04-485E-A996-CE18E56BACA8} = {2447C06D-5446-46FB-939A-6746DF2BD63F}
		{6F030E46-4801-40B6-8901-FF6C021E9555} = {2447C06D-5446-46FB-939A-6746DF2BD63F}
		{7B46E784-5656-4F50-A27D-1895F8132617} = {AF16122F-A6E6-4B05-86EC-309CB60917B4}
		{6B9DC020-5E8A-4E60-8C0A-046D1DB27EE9} = {AF16122F-A6E6-4B05-86EC-309CB60917B4}
	EndGlobalSection
	GlobalSection(ExtensibilityGlobals) = postSolution
		SolutionGuid = {DB183E64-C515-42D5-A53B-6138B3FF7903}
	EndGlobalSection
EndGlobal
