
Microsoft Visual Studio Solution File, Format Version 12.00
# Visual Studio Version 17
VisualStudioVersion = 17.3.32901.215
MinimumVisualStudioVersion = 10.0.40219.1
Project("{2150E333-8FDC-42A3-9474-1A3956D46DE8}") = "CqrsAndMediatR", "CqrsAndMediatR", "{DB815705-A2EE-4C37-B398-2BF776F47C60}"
EndProject
Project("{2150E333-8FDC-42A3-9474-1A3956D46DE8}") = "Linq", "Linq", "{3422A7DD-1B45-4CD6-A6A8-DF1B4E4F805F}"
EndProject
Project("{9A19103F-16F7-4668-BE54-9A1E7A4F7556}") = "Linq.App", "Linq\Linq.App\Linq.App.csproj", "{CD019CCC-6CFD-4B2A-8544-19491BE6C143}"
EndProject
Project("{9A19103F-16F7-4668-BE54-9A1E7A4F7556}") = "CqrsAndMediatR.Infrastructure", "CqrsAndMediatR\CqrsAndMediatR.Infrastructure\CqrsAndMediatR.Infrastructure.csproj", "{002D9E8E-2329-42E0-B320-AA9BE95DA5F3}"
EndProject
Project("{9A19103F-16F7-4668-BE54-9A1E7A4F7556}") = "CqrsAndMediatR.Application", "CqrsAndMediatR\CqrsAndMediatR.Application\CqrsAndMediatR.Application.csproj", "{1DDB7D22-0D3A-4EC0-B68B-D046D7E504F7}"
EndProject
Project("{9A19103F-16F7-4668-BE54-9A1E7A4F7556}") = "CqrsAndMediatR.Domain", "CqrsAndMediatR\CqrsAndMediatR.Domain\CqrsAndMediatR.Domain.csproj", "{DD84632A-A66F-4428-8258-1065005BD09D}"
EndProject
Project("{2150E333-8FDC-42A3-9474-1A3956D46DE8}") = "DesignPatterns", "DesignPatterns", "{6CCD90A1-4EB8-4588-940B-9B9A743E3113}"
EndProject
Project("{9A19103F-16F7-4668-BE54-9A1E7A4F7556}") = "CqrsAndMediatR.Api", "CqrsAndMediatR\CqrsAndMediatR.Api\CqrsAndMediatR.Api.csproj", "{BDE7EB5B-8199-4E90-8D01-EAAF47EE858E}"
EndProject
Project("{9A19103F-16F7-4668-BE54-9A1E7A4F7556}") = "Singleton", "DesignPatterns\Singleton\Singleton.csproj", "{5C2CA03F-82EA-4670-A5C9-CAD4CC8AA54E}"
EndProject
Project("{2150E333-8FDC-42A3-9474-1A3956D46DE8}") = "Solution Items", "Solution Items", "{D475E5C8-EBE9-4D2E-8E06-B18E48A4307B}"
	ProjectSection(SolutionItems) = preProject
		.editorconfig = .editorconfig
		.gitignore = .gitignore
		README.md = README.md
	EndProjectSection
EndProject
Project("{2150E333-8FDC-42A3-9474-1A3956D46DE8}") = "HexagonalArchitectureTemplate", "HexagonalArchitectureTemplate", "{2C479DCD-4CE8-415C-A83D-D8A44F722805}"
	ProjectSection(SolutionItems) = preProject
		Architectures\HexagonalArchitectureTemplate\Hexagonal_architecture_diagram.png = Architectures\HexagonalArchitectureTemplate\Hexagonal_architecture_diagram.png
		Architectures\HexagonalArchitectureTemplate\Hexagonal_architecture_template_dependencies_diagram.png = Architectures\HexagonalArchitectureTemplate\Hexagonal_architecture_template_dependencies_diagram.png
		Architectures\HexagonalArchitectureTemplate\README.md = Architectures\HexagonalArchitectureTemplate\README.md
	EndProjectSection
EndProject
Project("{2150E333-8FDC-42A3-9474-1A3956D46DE8}") = "src", "src", "{AF16122F-A6E6-4B05-86EC-309CB60917B4}"
EndProject
Project("{2150E333-8FDC-42A3-9474-1A3956D46DE8}") = "test", "test", "{2447C06D-5446-46FB-939A-6746DF2BD63F}"
EndProject
Project("{2150E333-8FDC-42A3-9474-1A3956D46DE8}") = "Architectures", "Architectures", "{15640146-50D9-4958-80CA-AD8D23925202}"
EndProject
Project("{2150E333-8FDC-42A3-9474-1A3956D46DE8}") = "VerticalSliceArchitectureTemplate", "VerticalSliceArchitectureTemplate", "{836B87B9-9B29-41AE-8675-654F5F140C03}"
EndProject
Project("{9A19103F-16F7-4668-BE54-9A1E7A4F7556}") = "Adapter.Api", "Architectures\HexagonalArchitectureTemplate\src\Adapter.Api\Adapter.Api.csproj", "{635BE719-F28A-486C-BB5C-97AD14C2D1BA}"
EndProject
Project("{9A19103F-16F7-4668-BE54-9A1E7A4F7556}") = "Adapter.Kafka", "Architectures\HexagonalArchitectureTemplate\src\Adapter.Kafka\Adapter.Kafka.csproj", "{F34EF0AA-C4C7-43C5-8FE4-BD321E09C392}"
EndProject
Project("{9A19103F-16F7-4668-BE54-9A1E7A4F7556}") = "Adapter.PostgreSQL", "Architectures\HexagonalArchitectureTemplate\src\Adapter.PostgreSQL\Adapter.PostgreSQL.csproj", "{95D80585-B00F-4BD4-8DC3-A4B0C343A13E}"
EndProject
Project("{9A19103F-16F7-4668-BE54-9A1E7A4F7556}") = "Application.Api", "Architectures\HexagonalArchitectureTemplate\src\Application.Api\Application.Api.csproj", "{D2A299E6-BC06-44C7-AE22-2447DBAA51BD}"
EndProject
Project("{9A19103F-16F7-4668-BE54-9A1E7A4F7556}") = "Core", "Architectures\HexagonalArchitectureTemplate\src\Core\Core.csproj", "{04A1B4E2-83C9-429A-A4A3-57F3BDCCD591}"
EndProject
Project("{9A19103F-16F7-4668-BE54-9A1E7A4F7556}") = "Adapter.Api.Tests", "Architectures\HexagonalArchitectureTemplate\test\Adapter.Api.Tests\Adapter.Api.Tests.csproj", "{B5A334BE-4CC8-4C32-91DC-26DD2CF9990D}"
EndProject
Project("{9A19103F-16F7-4668-BE54-9A1E7A4F7556}") = "Adapter.Kafka.Tests", "Architectures\HexagonalArchitectureTemplate\test\Adapter.Kafka.Tests\Adapter.Kafka.Tests.csproj", "{E38CCDE1-26AF-4C23-AC4B-9E143935E038}"
EndProject
Project("{9A19103F-16F7-4668-BE54-9A1E7A4F7556}") = "Adapter.PostgreSQL.Tests", "Architectures\HexagonalArchitectureTemplate\test\Adapter.PostgreSQL.Tests\Adapter.PostgreSQL.Tests.csproj", "{3779950A-8145-4388-AC79-C42B66B18004}"
EndProject
Project("{9A19103F-16F7-4668-BE54-9A1E7A4F7556}") = "Core.Tests", "Architectures\HexagonalArchitectureTemplate\test\Core.Tests\Core.Tests.csproj", "{0CE6B532-88C9-4662-9306-DA890ECE641D}"
EndProject
Global
	GlobalSection(SolutionConfigurationPlatforms) = preSolution
		Debug|Any CPU = Debug|Any CPU
		Debug|x64 = Debug|x64
		Debug|x86 = Debug|x86
		Release|Any CPU = Release|Any CPU
		Release|x64 = Release|x64
		Release|x86 = Release|x86
	EndGlobalSection
	GlobalSection(ProjectConfigurationPlatforms) = postSolution
		{CD019CCC-6CFD-4B2A-8544-19491BE6C143}.Debug|Any CPU.ActiveCfg = Debug|Any CPU
		{CD019CCC-6CFD-4B2A-8544-19491BE6C143}.Debug|Any CPU.Build.0 = Debug|Any CPU
		{CD019CCC-6CFD-4B2A-8544-19491BE6C143}.Debug|x64.ActiveCfg = Debug|Any CPU
		{CD019CCC-6CFD-4B2A-8544-19491BE6C143}.Debug|x64.Build.0 = Debug|Any CPU
		{CD019CCC-6CFD-4B2A-8544-19491BE6C143}.Debug|x86.ActiveCfg = Debug|Any CPU
		{CD019CCC-6CFD-4B2A-8544-19491BE6C143}.Debug|x86.Build.0 = Debug|Any CPU
		{CD019CCC-6CFD-4B2A-8544-19491BE6C143}.Release|Any CPU.ActiveCfg = Release|Any CPU
		{CD019CCC-6CFD-4B2A-8544-19491BE6C143}.Release|Any CPU.Build.0 = Release|Any CPU
		{CD019CCC-6CFD-4B2A-8544-19491BE6C143}.Release|x64.ActiveCfg = Release|Any CPU
		{CD019CCC-6CFD-4B2A-8544-19491BE6C143}.Release|x64.Build.0 = Release|Any CPU
		{CD019CCC-6CFD-4B2A-8544-19491BE6C143}.Release|x86.ActiveCfg = Release|Any CPU
		{CD019CCC-6CFD-4B2A-8544-19491BE6C143}.Release|x86.Build.0 = Release|Any CPU
		{002D9E8E-2329-42E0-B320-AA9BE95DA5F3}.Debug|Any CPU.ActiveCfg = Debug|Any CPU
		{002D9E8E-2329-42E0-B320-AA9BE95DA5F3}.Debug|Any CPU.Build.0 = Debug|Any CPU
		{002D9E8E-2329-42E0-B320-AA9BE95DA5F3}.Debug|x64.ActiveCfg = Debug|Any CPU
		{002D9E8E-2329-42E0-B320-AA9BE95DA5F3}.Debug|x64.Build.0 = Debug|Any CPU
		{002D9E8E-2329-42E0-B320-AA9BE95DA5F3}.Debug|x86.ActiveCfg = Debug|Any CPU
		{002D9E8E-2329-42E0-B320-AA9BE95DA5F3}.Debug|x86.Build.0 = Debug|Any CPU
		{002D9E8E-2329-42E0-B320-AA9BE95DA5F3}.Release|Any CPU.ActiveCfg = Release|Any CPU
		{002D9E8E-2329-42E0-B320-AA9BE95DA5F3}.Release|Any CPU.Build.0 = Release|Any CPU
		{002D9E8E-2329-42E0-B320-AA9BE95DA5F3}.Release|x64.ActiveCfg = Release|Any CPU
		{002D9E8E-2329-42E0-B320-AA9BE95DA5F3}.Release|x64.Build.0 = Release|Any CPU
		{002D9E8E-2329-42E0-B320-AA9BE95DA5F3}.Release|x86.ActiveCfg = Release|Any CPU
		{002D9E8E-2329-42E0-B320-AA9BE95DA5F3}.Release|x86.Build.0 = Release|Any CPU
		{1DDB7D22-0D3A-4EC0-B68B-D046D7E504F7}.Debug|Any CPU.ActiveCfg = Debug|Any CPU
		{1DDB7D22-0D3A-4EC0-B68B-D046D7E504F7}.Debug|Any CPU.Build.0 = Debug|Any CPU
		{1DDB7D22-0D3A-4EC0-B68B-D046D7E504F7}.Debug|x64.ActiveCfg = Debug|Any CPU
		{1DDB7D22-0D3A-4EC0-B68B-D046D7E504F7}.Debug|x64.Build.0 = Debug|Any CPU
		{1DDB7D22-0D3A-4EC0-B68B-D046D7E504F7}.Debug|x86.ActiveCfg = Debug|Any CPU
		{1DDB7D22-0D3A-4EC0-B68B-D046D7E504F7}.Debug|x86.Build.0 = Debug|Any CPU
		{1DDB7D22-0D3A-4EC0-B68B-D046D7E504F7}.Release|Any CPU.ActiveCfg = Release|Any CPU
		{1DDB7D22-0D3A-4EC0-B68B-D046D7E504F7}.Release|Any CPU.Build.0 = Release|Any CPU
		{1DDB7D22-0D3A-4EC0-B68B-D046D7E504F7}.Release|x64.ActiveCfg = Release|Any CPU
		{1DDB7D22-0D3A-4EC0-B68B-D046D7E504F7}.Release|x64.Build.0 = Release|Any CPU
		{1DDB7D22-0D3A-4EC0-B68B-D046D7E504F7}.Release|x86.ActiveCfg = Release|Any CPU
		{1DDB7D22-0D3A-4EC0-B68B-D046D7E504F7}.Release|x86.Build.0 = Release|Any CPU
		{DD84632A-A66F-4428-8258-1065005BD09D}.Debug|Any CPU.ActiveCfg = Debug|Any CPU
		{DD84632A-A66F-4428-8258-1065005BD09D}.Debug|Any CPU.Build.0 = Debug|Any CPU
		{DD84632A-A66F-4428-8258-1065005BD09D}.Debug|x64.ActiveCfg = Debug|Any CPU
		{DD84632A-A66F-4428-8258-1065005BD09D}.Debug|x64.Build.0 = Debug|Any CPU
		{DD84632A-A66F-4428-8258-1065005BD09D}.Debug|x86.ActiveCfg = Debug|Any CPU
		{DD84632A-A66F-4428-8258-1065005BD09D}.Debug|x86.Build.0 = Debug|Any CPU
		{DD84632A-A66F-4428-8258-1065005BD09D}.Release|Any CPU.ActiveCfg = Release|Any CPU
		{DD84632A-A66F-4428-8258-1065005BD09D}.Release|Any CPU.Build.0 = Release|Any CPU
		{DD84632A-A66F-4428-8258-1065005BD09D}.Release|x64.ActiveCfg = Release|Any CPU
		{DD84632A-A66F-4428-8258-1065005BD09D}.Release|x64.Build.0 = Release|Any CPU
		{DD84632A-A66F-4428-8258-1065005BD09D}.Release|x86.ActiveCfg = Release|Any CPU
		{DD84632A-A66F-4428-8258-1065005BD09D}.Release|x86.Build.0 = Release|Any CPU
		{BDE7EB5B-8199-4E90-8D01-EAAF47EE858E}.Debug|Any CPU.ActiveCfg = Debug|Any CPU
		{BDE7EB5B-8199-4E90-8D01-EAAF47EE858E}.Debug|Any CPU.Build.0 = Debug|Any CPU
		{BDE7EB5B-8199-4E90-8D01-EAAF47EE858E}.Debug|x64.ActiveCfg = Debug|Any CPU
		{BDE7EB5B-8199-4E90-8D01-EAAF47EE858E}.Debug|x64.Build.0 = Debug|Any CPU
		{BDE7EB5B-8199-4E90-8D01-EAAF47EE858E}.Debug|x86.ActiveCfg = Debug|Any CPU
		{BDE7EB5B-8199-4E90-8D01-EAAF47EE858E}.Debug|x86.Build.0 = Debug|Any CPU
		{BDE7EB5B-8199-4E90-8D01-EAAF47EE858E}.Release|Any CPU.ActiveCfg = Release|Any CPU
		{BDE7EB5B-8199-4E90-8D01-EAAF47EE858E}.Release|Any CPU.Build.0 = Release|Any CPU
		{BDE7EB5B-8199-4E90-8D01-EAAF47EE858E}.Release|x64.ActiveCfg = Release|Any CPU
		{BDE7EB5B-8199-4E90-8D01-EAAF47EE858E}.Release|x64.Build.0 = Release|Any CPU
		{BDE7EB5B-8199-4E90-8D01-EAAF47EE858E}.Release|x86.ActiveCfg = Release|Any CPU
		{BDE7EB5B-8199-4E90-8D01-EAAF47EE858E}.Release|x86.Build.0 = Release|Any CPU
		{5C2CA03F-82EA-4670-A5C9-CAD4CC8AA54E}.Debug|Any CPU.ActiveCfg = Debug|Any CPU
		{5C2CA03F-82EA-4670-A5C9-CAD4CC8AA54E}.Debug|Any CPU.Build.0 = Debug|Any CPU
		{5C2CA03F-82EA-4670-A5C9-CAD4CC8AA54E}.Debug|x64.ActiveCfg = Debug|Any CPU
		{5C2CA03F-82EA-4670-A5C9-CAD4CC8AA54E}.Debug|x64.Build.0 = Debug|Any CPU
		{5C2CA03F-82EA-4670-A5C9-CAD4CC8AA54E}.Debug|x86.ActiveCfg = Debug|Any CPU
		{5C2CA03F-82EA-4670-A5C9-CAD4CC8AA54E}.Debug|x86.Build.0 = Debug|Any CPU
		{5C2CA03F-82EA-4670-A5C9-CAD4CC8AA54E}.Release|Any CPU.ActiveCfg = Release|Any CPU
		{5C2CA03F-82EA-4670-A5C9-CAD4CC8AA54E}.Release|Any CPU.Build.0 = Release|Any CPU
		{5C2CA03F-82EA-4670-A5C9-CAD4CC8AA54E}.Release|x64.ActiveCfg = Release|Any CPU
		{5C2CA03F-82EA-4670-A5C9-CAD4CC8AA54E}.Release|x64.Build.0 = Release|Any CPU
		{5C2CA03F-82EA-4670-A5C9-CAD4CC8AA54E}.Release|x86.ActiveCfg = Release|Any CPU
		{5C2CA03F-82EA-4670-A5C9-CAD4CC8AA54E}.Release|x86.Build.0 = Release|Any CPU
		{635BE719-F28A-486C-BB5C-97AD14C2D1BA}.Debug|Any CPU.ActiveCfg = Debug|Any CPU
		{635BE719-F28A-486C-BB5C-97AD14C2D1BA}.Debug|Any CPU.Build.0 = Debug|Any CPU
		{635BE719-F28A-486C-BB5C-97AD14C2D1BA}.Debug|x64.ActiveCfg = Debug|Any CPU
		{635BE719-F28A-486C-BB5C-97AD14C2D1BA}.Debug|x64.Build.0 = Debug|Any CPU
		{635BE719-F28A-486C-BB5C-97AD14C2D1BA}.Debug|x86.ActiveCfg = Debug|Any CPU
		{635BE719-F28A-486C-BB5C-97AD14C2D1BA}.Debug|x86.Build.0 = Debug|Any CPU
		{635BE719-F28A-486C-BB5C-97AD14C2D1BA}.Release|Any CPU.ActiveCfg = Release|Any CPU
		{635BE719-F28A-486C-BB5C-97AD14C2D1BA}.Release|Any CPU.Build.0 = Release|Any CPU
		{635BE719-F28A-486C-BB5C-97AD14C2D1BA}.Release|x64.ActiveCfg = Release|Any CPU
		{635BE719-F28A-486C-BB5C-97AD14C2D1BA}.Release|x64.Build.0 = Release|Any CPU
		{635BE719-F28A-486C-BB5C-97AD14C2D1BA}.Release|x86.ActiveCfg = Release|Any CPU
		{635BE719-F28A-486C-BB5C-97AD14C2D1BA}.Release|x86.Build.0 = Release|Any CPU
		{F34EF0AA-C4C7-43C5-8FE4-BD321E09C392}.Debug|Any CPU.ActiveCfg = Debug|Any CPU
		{F34EF0AA-C4C7-43C5-8FE4-BD321E09C392}.Debug|Any CPU.Build.0 = Debug|Any CPU
		{F34EF0AA-C4C7-43C5-8FE4-BD321E09C392}.Debug|x64.ActiveCfg = Debug|Any CPU
		{F34EF0AA-C4C7-43C5-8FE4-BD321E09C392}.Debug|x64.Build.0 = Debug|Any CPU
		{F34EF0AA-C4C7-43C5-8FE4-BD321E09C392}.Debug|x86.ActiveCfg = Debug|Any CPU
		{F34EF0AA-C4C7-43C5-8FE4-BD321E09C392}.Debug|x86.Build.0 = Debug|Any CPU
		{F34EF0AA-C4C7-43C5-8FE4-BD321E09C392}.Release|Any CPU.ActiveCfg = Release|Any CPU
		{F34EF0AA-C4C7-43C5-8FE4-BD321E09C392}.Release|Any CPU.Build.0 = Release|Any CPU
		{F34EF0AA-C4C7-43C5-8FE4-BD321E09C392}.Release|x64.ActiveCfg = Release|Any CPU
		{F34EF0AA-C4C7-43C5-8FE4-BD321E09C392}.Release|x64.Build.0 = Release|Any CPU
		{F34EF0AA-C4C7-43C5-8FE4-BD321E09C392}.Release|x86.ActiveCfg = Release|Any CPU
		{F34EF0AA-C4C7-43C5-8FE4-BD321E09C392}.Release|x86.Build.0 = Release|Any CPU
		{95D80585-B00F-4BD4-8DC3-A4B0C343A13E}.Debug|Any CPU.ActiveCfg = Debug|Any CPU
		{95D80585-B00F-4BD4-8DC3-A4B0C343A13E}.Debug|Any CPU.Build.0 = Debug|Any CPU
		{95D80585-B00F-4BD4-8DC3-A4B0C343A13E}.Debug|x64.ActiveCfg = Debug|Any CPU
		{95D80585-B00F-4BD4-8DC3-A4B0C343A13E}.Debug|x64.Build.0 = Debug|Any CPU
		{95D80585-B00F-4BD4-8DC3-A4B0C343A13E}.Debug|x86.ActiveCfg = Debug|Any CPU
		{95D80585-B00F-4BD4-8DC3-A4B0C343A13E}.Debug|x86.Build.0 = Debug|Any CPU
		{95D80585-B00F-4BD4-8DC3-A4B0C343A13E}.Release|Any CPU.ActiveCfg = Release|Any CPU
		{95D80585-B00F-4BD4-8DC3-A4B0C343A13E}.Release|Any CPU.Build.0 = Release|Any CPU
		{95D80585-B00F-4BD4-8DC3-A4B0C343A13E}.Release|x64.ActiveCfg = Release|Any CPU
		{95D80585-B00F-4BD4-8DC3-A4B0C343A13E}.Release|x64.Build.0 = Release|Any CPU
		{95D80585-B00F-4BD4-8DC3-A4B0C343A13E}.Release|x86.ActiveCfg = Release|Any CPU
		{95D80585-B00F-4BD4-8DC3-A4B0C343A13E}.Release|x86.Build.0 = Release|Any CPU
		{D2A299E6-BC06-44C7-AE22-2447DBAA51BD}.Debug|Any CPU.ActiveCfg = Debug|Any CPU
		{D2A299E6-BC06-44C7-AE22-2447DBAA51BD}.Debug|Any CPU.Build.0 = Debug|Any CPU
		{D2A299E6-BC06-44C7-AE22-2447DBAA51BD}.Debug|x64.ActiveCfg = Debug|Any CPU
		{D2A299E6-BC06-44C7-AE22-2447DBAA51BD}.Debug|x64.Build.0 = Debug|Any CPU
		{D2A299E6-BC06-44C7-AE22-2447DBAA51BD}.Debug|x86.ActiveCfg = Debug|Any CPU
		{D2A299E6-BC06-44C7-AE22-2447DBAA51BD}.Debug|x86.Build.0 = Debug|Any CPU
		{D2A299E6-BC06-44C7-AE22-2447DBAA51BD}.Release|Any CPU.ActiveCfg = Release|Any CPU
		{D2A299E6-BC06-44C7-AE22-2447DBAA51BD}.Release|Any CPU.Build.0 = Release|Any CPU
		{D2A299E6-BC06-44C7-AE22-2447DBAA51BD}.Release|x64.ActiveCfg = Release|Any CPU
		{D2A299E6-BC06-44C7-AE22-2447DBAA51BD}.Release|x64.Build.0 = Release|Any CPU
		{D2A299E6-BC06-44C7-AE22-2447DBAA51BD}.Release|x86.ActiveCfg = Release|Any CPU
		{D2A299E6-BC06-44C7-AE22-2447DBAA51BD}.Release|x86.Build.0 = Release|Any CPU
		{04A1B4E2-83C9-429A-A4A3-57F3BDCCD591}.Debug|Any CPU.ActiveCfg = Debug|Any CPU
		{04A1B4E2-83C9-429A-A4A3-57F3BDCCD591}.Debug|Any CPU.Build.0 = Debug|Any CPU
		{04A1B4E2-83C9-429A-A4A3-57F3BDCCD591}.Debug|x64.ActiveCfg = Debug|Any CPU
		{04A1B4E2-83C9-429A-A4A3-57F3BDCCD591}.Debug|x64.Build.0 = Debug|Any CPU
		{04A1B4E2-83C9-429A-A4A3-57F3BDCCD591}.Debug|x86.ActiveCfg = Debug|Any CPU
		{04A1B4E2-83C9-429A-A4A3-57F3BDCCD591}.Debug|x86.Build.0 = Debug|Any CPU
		{04A1B4E2-83C9-429A-A4A3-57F3BDCCD591}.Release|Any CPU.ActiveCfg = Release|Any CPU
		{04A1B4E2-83C9-429A-A4A3-57F3BDCCD591}.Release|Any CPU.Build.0 = Release|Any CPU
		{04A1B4E2-83C9-429A-A4A3-57F3BDCCD591}.Release|x64.ActiveCfg = Release|Any CPU
		{04A1B4E2-83C9-429A-A4A3-57F3BDCCD591}.Release|x64.Build.0 = Release|Any CPU
		{04A1B4E2-83C9-429A-A4A3-57F3BDCCD591}.Release|x86.ActiveCfg = Release|Any CPU
		{04A1B4E2-83C9-429A-A4A3-57F3BDCCD591}.Release|x86.Build.0 = Release|Any CPU
		{B5A334BE-4CC8-4C32-91DC-26DD2CF9990D}.Debug|Any CPU.ActiveCfg = Debug|Any CPU
		{B5A334BE-4CC8-4C32-91DC-26DD2CF9990D}.Debug|Any CPU.Build.0 = Debug|Any CPU
		{B5A334BE-4CC8-4C32-91DC-26DD2CF9990D}.Debug|x64.ActiveCfg = Debug|Any CPU
		{B5A334BE-4CC8-4C32-91DC-26DD2CF9990D}.Debug|x64.Build.0 = Debug|Any CPU
		{B5A334BE-4CC8-4C32-91DC-26DD2CF9990D}.Debug|x86.ActiveCfg = Debug|Any CPU
		{B5A334BE-4CC8-4C32-91DC-26DD2CF9990D}.Debug|x86.Build.0 = Debug|Any CPU
		{B5A334BE-4CC8-4C32-91DC-26DD2CF9990D}.Release|Any CPU.ActiveCfg = Release|Any CPU
		{B5A334BE-4CC8-4C32-91DC-26DD2CF9990D}.Release|Any CPU.Build.0 = Release|Any CPU
		{B5A334BE-4CC8-4C32-91DC-26DD2CF9990D}.Release|x64.ActiveCfg = Release|Any CPU
		{B5A334BE-4CC8-4C32-91DC-26DD2CF9990D}.Release|x64.Build.0 = Release|Any CPU
		{B5A334BE-4CC8-4C32-91DC-26DD2CF9990D}.Release|x86.ActiveCfg = Release|Any CPU
		{B5A334BE-4CC8-4C32-91DC-26DD2CF9990D}.Release|x86.Build.0 = Release|Any CPU
		{E38CCDE1-26AF-4C23-AC4B-9E143935E038}.Debug|Any CPU.ActiveCfg = Debug|Any CPU
		{E38CCDE1-26AF-4C23-AC4B-9E143935E038}.Debug|Any CPU.Build.0 = Debug|Any CPU
		{E38CCDE1-26AF-4C23-AC4B-9E143935E038}.Debug|x64.ActiveCfg = Debug|Any CPU
		{E38CCDE1-26AF-4C23-AC4B-9E143935E038}.Debug|x64.Build.0 = Debug|Any CPU
		{E38CCDE1-26AF-4C23-AC4B-9E143935E038}.Debug|x86.ActiveCfg = Debug|Any CPU
		{E38CCDE1-26AF-4C23-AC4B-9E143935E038}.Debug|x86.Build.0 = Debug|Any CPU
		{E38CCDE1-26AF-4C23-AC4B-9E143935E038}.Release|Any CPU.ActiveCfg = Release|Any CPU
		{E38CCDE1-26AF-4C23-AC4B-9E143935E038}.Release|Any CPU.Build.0 = Release|Any CPU
		{E38CCDE1-26AF-4C23-AC4B-9E143935E038}.Release|x64.ActiveCfg = Release|Any CPU
		{E38CCDE1-26AF-4C23-AC4B-9E143935E038}.Release|x64.Build.0 = Release|Any CPU
		{E38CCDE1-26AF-4C23-AC4B-9E143935E038}.Release|x86.ActiveCfg = Release|Any CPU
		{E38CCDE1-26AF-4C23-AC4B-9E143935E038}.Release|x86.Build.0 = Release|Any CPU
		{3779950A-8145-4388-AC79-C42B66B18004}.Debug|Any CPU.ActiveCfg = Debug|Any CPU
		{3779950A-8145-4388-AC79-C42B66B18004}.Debug|Any CPU.Build.0 = Debug|Any CPU
		{3779950A-8145-4388-AC79-C42B66B18004}.Debug|x64.ActiveCfg = Debug|Any CPU
		{3779950A-8145-4388-AC79-C42B66B18004}.Debug|x64.Build.0 = Debug|Any CPU
		{3779950A-8145-4388-AC79-C42B66B18004}.Debug|x86.ActiveCfg = Debug|Any CPU
		{3779950A-8145-4388-AC79-C42B66B18004}.Debug|x86.Build.0 = Debug|Any CPU
		{3779950A-8145-4388-AC79-C42B66B18004}.Release|Any CPU.ActiveCfg = Release|Any CPU
		{3779950A-8145-4388-AC79-C42B66B18004}.Release|Any CPU.Build.0 = Release|Any CPU
		{3779950A-8145-4388-AC79-C42B66B18004}.Release|x64.ActiveCfg = Release|Any CPU
		{3779950A-8145-4388-AC79-C42B66B18004}.Release|x64.Build.0 = Release|Any CPU
		{3779950A-8145-4388-AC79-C42B66B18004}.Release|x86.ActiveCfg = Release|Any CPU
		{3779950A-8145-4388-AC79-C42B66B18004}.Release|x86.Build.0 = Release|Any CPU
		{0CE6B532-88C9-4662-9306-DA890ECE641D}.Debug|Any CPU.ActiveCfg = Debug|Any CPU
		{0CE6B532-88C9-4662-9306-DA890ECE641D}.Debug|Any CPU.Build.0 = Debug|Any CPU
		{0CE6B532-88C9-4662-9306-DA890ECE641D}.Debug|x64.ActiveCfg = Debug|Any CPU
		{0CE6B532-88C9-4662-9306-DA890ECE641D}.Debug|x64.Build.0 = Debug|Any CPU
		{0CE6B532-88C9-4662-9306-DA890ECE641D}.Debug|x86.ActiveCfg = Debug|Any CPU
		{0CE6B532-88C9-4662-9306-DA890ECE641D}.Debug|x86.Build.0 = Debug|Any CPU
		{0CE6B532-88C9-4662-9306-DA890ECE641D}.Release|Any CPU.ActiveCfg = Release|Any CPU
		{0CE6B532-88C9-4662-9306-DA890ECE641D}.Release|Any CPU.Build.0 = Release|Any CPU
		{0CE6B532-88C9-4662-9306-DA890ECE641D}.Release|x64.ActiveCfg = Release|Any CPU
		{0CE6B532-88C9-4662-9306-DA890ECE641D}.Release|x64.Build.0 = Release|Any CPU
		{0CE6B532-88C9-4662-9306-DA890ECE641D}.Release|x86.ActiveCfg = Release|Any CPU
		{0CE6B532-88C9-4662-9306-DA890ECE641D}.Release|x86.Build.0 = Release|Any CPU
	EndGlobalSection
	GlobalSection(SolutionProperties) = preSolution
		HideSolutionNode = FALSE
	EndGlobalSection
	GlobalSection(NestedProjects) = preSolution
		{CD019CCC-6CFD-4B2A-8544-19491BE6C143} = {3422A7DD-1B45-4CD6-A6A8-DF1B4E4F805F}
		{002D9E8E-2329-42E0-B320-AA9BE95DA5F3} = {DB815705-A2EE-4C37-B398-2BF776F47C60}
		{1DDB7D22-0D3A-4EC0-B68B-D046D7E504F7} = {DB815705-A2EE-4C37-B398-2BF776F47C60}
		{DD84632A-A66F-4428-8258-1065005BD09D} = {DB815705-A2EE-4C37-B398-2BF776F47C60}
		{BDE7EB5B-8199-4E90-8D01-EAAF47EE858E} = {DB815705-A2EE-4C37-B398-2BF776F47C60}
		{5C2CA03F-82EA-4670-A5C9-CAD4CC8AA54E} = {6CCD90A1-4EB8-4588-940B-9B9A743E3113}
		{2C479DCD-4CE8-415C-A83D-D8A44F722805} = {15640146-50D9-4958-80CA-AD8D23925202}
		{AF16122F-A6E6-4B05-86EC-309CB60917B4} = {2C479DCD-4CE8-415C-A83D-D8A44F722805}
		{2447C06D-5446-46FB-939A-6746DF2BD63F} = {2C479DCD-4CE8-415C-A83D-D8A44F722805}
		{836B87B9-9B29-41AE-8675-654F5F140C03} = {15640146-50D9-4958-80CA-AD8D23925202}
		{635BE719-F28A-486C-BB5C-97AD14C2D1BA} = {AF16122F-A6E6-4B05-86EC-309CB60917B4}
		{F34EF0AA-C4C7-43C5-8FE4-BD321E09C392} = {AF16122F-A6E6-4B05-86EC-309CB60917B4}
		{95D80585-B00F-4BD4-8DC3-A4B0C343A13E} = {AF16122F-A6E6-4B05-86EC-309CB60917B4}
		{D2A299E6-BC06-44C7-AE22-2447DBAA51BD} = {AF16122F-A6E6-4B05-86EC-309CB60917B4}
		{04A1B4E2-83C9-429A-A4A3-57F3BDCCD591} = {AF16122F-A6E6-4B05-86EC-309CB60917B4}
		{B5A334BE-4CC8-4C32-91DC-26DD2CF9990D} = {2447C06D-5446-46FB-939A-6746DF2BD63F}
		{E38CCDE1-26AF-4C23-AC4B-9E143935E038} = {2447C06D-5446-46FB-939A-6746DF2BD63F}
		{3779950A-8145-4388-AC79-C42B66B18004} = {2447C06D-5446-46FB-939A-6746DF2BD63F}
		{0CE6B532-88C9-4662-9306-DA890ECE641D} = {2447C06D-5446-46FB-939A-6746DF2BD63F}
	EndGlobalSection
	GlobalSection(ExtensibilityGlobals) = postSolution
		SolutionGuid = {DB183E64-C515-42D5-A53B-6138B3FF7903}
	EndGlobalSection
EndGlobal
