
Microsoft Visual Studio Solution File, Format Version 12.00
# Visual Studio Version 16
VisualStudioVersion = 16.0.31105.61
MinimumVisualStudioVersion = 10.0.40219.1
Project("{2150E333-8FDC-42A3-9474-1A3956D46DE8}") = "CqrsAndMediatR", "CqrsAndMediatR", "{DB815705-A2EE-4C37-B398-2BF776F47C60}"
EndProject
Project("{9A19103F-16F7-4668-BE54-9A1E7A4F7556}") = "CqrsAndMediatR.Api", "CqrsAndMediatR\CqrsAndMediatR.Api\CqrsAndMediatR.Api.csproj", "{012689BB-4220-4C59-8B0F-9A6AB98C0203}"
EndProject
Project("{2150E333-8FDC-42A3-9474-1A3956D46DE8}") = "Linq", "Linq", "{3422A7DD-1B45-4CD6-A6A8-DF1B4E4F805F}"
EndProject
Project("{9A19103F-16F7-4668-BE54-9A1E7A4F7556}") = "Linq.App", "Linq\Linq.App\Linq.App.csproj", "{CD019CCC-6CFD-4B2A-8544-19491BE6C143}"
EndProject
Project("{9A19103F-16F7-4668-BE54-9A1E7A4F7556}") = "CqrsAndMediatR.Infrastructure", "CqrsAndMediatR\CqrsAndMediatR.Infrastructure\CqrsAndMediatR.Infrastructure.csproj", "{002D9E8E-2329-42E0-B320-AA9BE95DA5F3}"
EndProject
Project("{9A19103F-16F7-4668-BE54-9A1E7A4F7556}") = "CqrsAndMediatR.Application", "CqrsAndMediatR\CqrsAndMediatR.Application\CqrsAndMediatR.Application.csproj", "{1DDB7D22-0D3A-4EC0-B68B-D046D7E504F7}"
EndProject
Project("{FAE04EC0-301F-11D3-BF4B-00C04F79EFBC}") = "CqrsAndMediatR.Domain", "CqrsAndMediatR\CqrsAndMediatR.Domain\CqrsAndMediatR.Domain.csproj", "{DD84632A-A66F-4428-8258-1065005BD09D}"
EndProject
Global
	GlobalSection(SolutionConfigurationPlatforms) = preSolution
		Debug|Any CPU = Debug|Any CPU
		Release|Any CPU = Release|Any CPU
	EndGlobalSection
	GlobalSection(ProjectConfigurationPlatforms) = postSolution
		{012689BB-4220-4C59-8B0F-9A6AB98C0203}.Debug|Any CPU.ActiveCfg = Debug|Any CPU
		{012689BB-4220-4C59-8B0F-9A6AB98C0203}.Debug|Any CPU.Build.0 = Debug|Any CPU
		{012689BB-4220-4C59-8B0F-9A6AB98C0203}.Release|Any CPU.ActiveCfg = Release|Any CPU
		{012689BB-4220-4C59-8B0F-9A6AB98C0203}.Release|Any CPU.Build.0 = Release|Any CPU
		{CD019CCC-6CFD-4B2A-8544-19491BE6C143}.Debug|Any CPU.ActiveCfg = Debug|Any CPU
		{CD019CCC-6CFD-4B2A-8544-19491BE6C143}.Debug|Any CPU.Build.0 = Debug|Any CPU
		{CD019CCC-6CFD-4B2A-8544-19491BE6C143}.Release|Any CPU.ActiveCfg = Release|Any CPU
		{CD019CCC-6CFD-4B2A-8544-19491BE6C143}.Release|Any CPU.Build.0 = Release|Any CPU
		{002D9E8E-2329-42E0-B320-AA9BE95DA5F3}.Debug|Any CPU.ActiveCfg = Debug|Any CPU
		{002D9E8E-2329-42E0-B320-AA9BE95DA5F3}.Debug|Any CPU.Build.0 = Debug|Any CPU
		{002D9E8E-2329-42E0-B320-AA9BE95DA5F3}.Release|Any CPU.ActiveCfg = Release|Any CPU
		{002D9E8E-2329-42E0-B320-AA9BE95DA5F3}.Release|Any CPU.Build.0 = Release|Any CPU
		{1DDB7D22-0D3A-4EC0-B68B-D046D7E504F7}.Debug|Any CPU.ActiveCfg = Debug|Any CPU
		{1DDB7D22-0D3A-4EC0-B68B-D046D7E504F7}.Debug|Any CPU.Build.0 = Debug|Any CPU
		{1DDB7D22-0D3A-4EC0-B68B-D046D7E504F7}.Release|Any CPU.ActiveCfg = Release|Any CPU
		{1DDB7D22-0D3A-4EC0-B68B-D046D7E504F7}.Release|Any CPU.Build.0 = Release|Any CPU
		{DD84632A-A66F-4428-8258-1065005BD09D}.Debug|Any CPU.ActiveCfg = Debug|Any CPU
		{DD84632A-A66F-4428-8258-1065005BD09D}.Debug|Any CPU.Build.0 = Debug|Any CPU
		{DD84632A-A66F-4428-8258-1065005BD09D}.Release|Any CPU.ActiveCfg = Release|Any CPU
		{DD84632A-A66F-4428-8258-1065005BD09D}.Release|Any CPU.Build.0 = Release|Any CPU
	EndGlobalSection
	GlobalSection(SolutionProperties) = preSolution
		HideSolutionNode = FALSE
	EndGlobalSection
	GlobalSection(NestedProjects) = preSolution
		{012689BB-4220-4C59-8B0F-9A6AB98C0203} = {DB815705-A2EE-4C37-B398-2BF776F47C60}
		{CD019CCC-6CFD-4B2A-8544-19491BE6C143} = {3422A7DD-1B45-4CD6-A6A8-DF1B4E4F805F}
		{002D9E8E-2329-42E0-B320-AA9BE95DA5F3} = {DB815705-A2EE-4C37-B398-2BF776F47C60}
		{1DDB7D22-0D3A-4EC0-B68B-D046D7E504F7} = {DB815705-A2EE-4C37-B398-2BF776F47C60}
		{DD84632A-A66F-4428-8258-1065005BD09D} = {DB815705-A2EE-4C37-B398-2BF776F47C60}
	EndGlobalSection
	GlobalSection(ExtensibilityGlobals) = postSolution
		SolutionGuid = {DB183E64-C515-42D5-A53B-6138B3FF7903}
	EndGlobalSection
EndGlobal
